
Microsoft Visual Studio Solution File, Format Version 12.00
# Visual Studio 2013
VisualStudioVersion = 12.0.30501.0
MinimumVisualStudioVersion = 10.0.40219.1
Project("{FAE04EC0-301F-11D3-BF4B-00C04F79EFBC}") = "Pr01ReformatCode", "Pr01ReformatCode\Pr01ReformatCode.csproj", "{364EFA8B-9F1D-44C1-B57B-A6A9925D2D51}"
EndProject
Project("{FAE04EC0-301F-11D3-BF4B-00C04F79EFBC}") = "Pr02ReformatYourOwnCode", "BigSum\Pr02ReformatYourOwnCode.csproj", "{693C83BA-66B5-4EDD-8B42-82890EBFF712}"
EndProject
Global
	GlobalSection(SolutionConfigurationPlatforms) = preSolution
		Debug|Any CPU = Debug|Any CPU
		Release|Any CPU = Release|Any CPU
	EndGlobalSection
	GlobalSection(ProjectConfigurationPlatforms) = postSolution
		{364EFA8B-9F1D-44C1-B57B-A6A9925D2D51}.Debug|Any CPU.ActiveCfg = Debug|Any CPU
		{364EFA8B-9F1D-44C1-B57B-A6A9925D2D51}.Debug|Any CPU.Build.0 = Debug|Any CPU
		{364EFA8B-9F1D-44C1-B57B-A6A9925D2D51}.Release|Any CPU.ActiveCfg = Release|Any CPU
		{364EFA8B-9F1D-44C1-B57B-A6A9925D2D51}.Release|Any CPU.Build.0 = Release|Any CPU
		{693C83BA-66B5-4EDD-8B42-82890EBFF712}.Debug|Any CPU.ActiveCfg = Debug|Any CPU
		{693C83BA-66B5-4EDD-8B42-82890EBFF712}.Debug|Any CPU.Build.0 = Debug|Any CPU
		{693C83BA-66B5-4EDD-8B42-82890EBFF712}.Release|Any CPU.ActiveCfg = Release|Any CPU
		{693C83BA-66B5-4EDD-8B42-82890EBFF712}.Release|Any CPU.Build.0 = Release|Any CPU
	EndGlobalSection
	GlobalSection(SolutionProperties) = preSolution
		HideSolutionNode = FALSE
	EndGlobalSection
EndGlobal
