
Microsoft Visual Studio Solution File, Format Version 12.00
# Visual Studio 2013
VisualStudioVersion = 12.0.30501.0
MinimumVisualStudioVersion = 10.0.40219.1
Project("{FAE04EC0-301F-11D3-BF4B-00C04F79EFBC}") = "Pr01Logger", "Hw15-SOLID-In-Software-Design-HQC\Pr01Logger.csproj", "{D741AC0F-8603-4915-9700-1A1E65372CCC}"
EndProject
Project("{FAE04EC0-301F-11D3-BF4B-00C04F79EFBC}") = "EndUserProject", "LoggerTests\EndUserProject.csproj", "{9D6D7A55-3732-4625-B210-48FB0D0C54D7}"
EndProject
Global
	GlobalSection(SolutionConfigurationPlatforms) = preSolution
		Debug|Any CPU = Debug|Any CPU
		Release|Any CPU = Release|Any CPU
	EndGlobalSection
	GlobalSection(ProjectConfigurationPlatforms) = postSolution
		{D741AC0F-8603-4915-9700-1A1E65372CCC}.Debug|Any CPU.ActiveCfg = Debug|Any CPU
		{D741AC0F-8603-4915-9700-1A1E65372CCC}.Debug|Any CPU.Build.0 = Debug|Any CPU
		{D741AC0F-8603-4915-9700-1A1E65372CCC}.Release|Any CPU.ActiveCfg = Release|Any CPU
		{D741AC0F-8603-4915-9700-1A1E65372CCC}.Release|Any CPU.Build.0 = Release|Any CPU
		{9D6D7A55-3732-4625-B210-48FB0D0C54D7}.Debug|Any CPU.ActiveCfg = Debug|Any CPU
		{9D6D7A55-3732-4625-B210-48FB0D0C54D7}.Debug|Any CPU.Build.0 = Debug|Any CPU
		{9D6D7A55-3732-4625-B210-48FB0D0C54D7}.Release|Any CPU.ActiveCfg = Release|Any CPU
		{9D6D7A55-3732-4625-B210-48FB0D0C54D7}.Release|Any CPU.Build.0 = Release|Any CPU
	EndGlobalSection
	GlobalSection(SolutionProperties) = preSolution
		HideSolutionNode = FALSE
	EndGlobalSection
EndGlobal
